
Microsoft Visual Studio Solution File, Format Version 12.00
# Visual Studio Version 16
VisualStudioVersion = 16.0.30128.74
MinimumVisualStudioVersion = 10.0.40219.1
Project("{FAE04EC0-301F-11D3-BF4B-00C04F79EFBC}") = "TrainTimesToSQL", "TrainTimesToSQL\TrainTimesToSQL.csproj", "{7F1958A9-5E09-4981-AC62-894F5D464BFA}"
EndProject
Global
	GlobalSection(SolutionConfigurationPlatforms) = preSolution
		Debug|Any CPU = Debug|Any CPU
		Release|Any CPU = Release|Any CPU
	EndGlobalSection
	GlobalSection(ProjectConfigurationPlatforms) = postSolution
		{7F1958A9-5E09-4981-AC62-894F5D464BFA}.Debug|Any CPU.ActiveCfg = Debug|Any CPU
		{7F1958A9-5E09-4981-AC62-894F5D464BFA}.Debug|Any CPU.Build.0 = Debug|Any CPU
		{7F1958A9-5E09-4981-AC62-894F5D464BFA}.Release|Any CPU.ActiveCfg = Release|Any CPU
		{7F1958A9-5E09-4981-AC62-894F5D464BFA}.Release|Any CPU.Build.0 = Release|Any CPU
	EndGlobalSection
	GlobalSection(SolutionProperties) = preSolution
		HideSolutionNode = FALSE
	EndGlobalSection
	GlobalSection(ExtensibilityGlobals) = postSolution
		SolutionGuid = {A7CF8B0C-67BE-4071-AA7A-67FB1C51C128}
	EndGlobalSection
EndGlobal
